
Microsoft Visual Studio Solution File, Format Version 12.00
# Visual Studio 15
VisualStudioVersion = 15.0.27703.2035
MinimumVisualStudioVersion = 10.0.40219.1
Project("{A07B5EB6-E848-4116-A8D0-A826331D98C6}") = "AZActor.SFActorApp", "src\sf-actors\AZActor.SFActorApp\AZActor.SFActorApp.sfproj", "{CB7175C0-85F9-475A-B381-C5614207C9DE}"
EndProject
Project("{FAE04EC0-301F-11D3-BF4B-00C04F79EFBC}") = "AZActor.SFActorService", "src\sf-actors\AZActor.SFActorService\AZActor.SFActorService.csproj", "{20299118-7099-4BDD-B3E8-B97AA2B4181E}"
EndProject
Project("{FAE04EC0-301F-11D3-BF4B-00C04F79EFBC}") = "AZActor.SFActorService.Interfaces", "src\sf-actors\AZActor.SFActorService.Interfaces\AZActor.SFActorService.Interfaces.csproj", "{AFCACEBE-11AE-4E3B-9F31-90BE84A4D25F}"
EndProject
Global
	GlobalSection(SolutionConfigurationPlatforms) = preSolution
		Debug|Any CPU = Debug|Any CPU
		Debug|x64 = Debug|x64
		Release|Any CPU = Release|Any CPU
		Release|x64 = Release|x64
	EndGlobalSection
	GlobalSection(ProjectConfigurationPlatforms) = postSolution
		{CB7175C0-85F9-475A-B381-C5614207C9DE}.Debug|Any CPU.ActiveCfg = Debug|x64
		{CB7175C0-85F9-475A-B381-C5614207C9DE}.Debug|x64.ActiveCfg = Debug|x64
		{CB7175C0-85F9-475A-B381-C5614207C9DE}.Debug|x64.Build.0 = Debug|x64
		{CB7175C0-85F9-475A-B381-C5614207C9DE}.Debug|x64.Deploy.0 = Debug|x64
		{CB7175C0-85F9-475A-B381-C5614207C9DE}.Release|Any CPU.ActiveCfg = Release|x64
		{CB7175C0-85F9-475A-B381-C5614207C9DE}.Release|x64.ActiveCfg = Release|x64
		{CB7175C0-85F9-475A-B381-C5614207C9DE}.Release|x64.Build.0 = Release|x64
		{CB7175C0-85F9-475A-B381-C5614207C9DE}.Release|x64.Deploy.0 = Release|x64
		{20299118-7099-4BDD-B3E8-B97AA2B4181E}.Debug|Any CPU.ActiveCfg = Debug|Any CPU
		{20299118-7099-4BDD-B3E8-B97AA2B4181E}.Debug|Any CPU.Build.0 = Debug|Any CPU
		{20299118-7099-4BDD-B3E8-B97AA2B4181E}.Debug|x64.ActiveCfg = Debug|Any CPU
		{20299118-7099-4BDD-B3E8-B97AA2B4181E}.Debug|x64.Build.0 = Debug|Any CPU
		{20299118-7099-4BDD-B3E8-B97AA2B4181E}.Release|Any CPU.ActiveCfg = Release|Any CPU
		{20299118-7099-4BDD-B3E8-B97AA2B4181E}.Release|Any CPU.Build.0 = Release|Any CPU
		{20299118-7099-4BDD-B3E8-B97AA2B4181E}.Release|x64.ActiveCfg = Release|Any CPU
		{20299118-7099-4BDD-B3E8-B97AA2B4181E}.Release|x64.Build.0 = Release|Any CPU
		{AFCACEBE-11AE-4E3B-9F31-90BE84A4D25F}.Debug|Any CPU.ActiveCfg = Debug|Any CPU
		{AFCACEBE-11AE-4E3B-9F31-90BE84A4D25F}.Debug|Any CPU.Build.0 = Debug|Any CPU
		{AFCACEBE-11AE-4E3B-9F31-90BE84A4D25F}.Debug|x64.ActiveCfg = Debug|Any CPU
		{AFCACEBE-11AE-4E3B-9F31-90BE84A4D25F}.Debug|x64.Build.0 = Debug|Any CPU
		{AFCACEBE-11AE-4E3B-9F31-90BE84A4D25F}.Release|Any CPU.ActiveCfg = Release|Any CPU
		{AFCACEBE-11AE-4E3B-9F31-90BE84A4D25F}.Release|Any CPU.Build.0 = Release|Any CPU
		{AFCACEBE-11AE-4E3B-9F31-90BE84A4D25F}.Release|x64.ActiveCfg = Release|Any CPU
		{AFCACEBE-11AE-4E3B-9F31-90BE84A4D25F}.Release|x64.Build.0 = Release|Any CPU
	EndGlobalSection
	GlobalSection(SolutionProperties) = preSolution
		HideSolutionNode = FALSE
	EndGlobalSection
	GlobalSection(ExtensibilityGlobals) = postSolution
		SolutionGuid = {03E71435-3073-409B-BB78-9B944670D0E9}
	EndGlobalSection
EndGlobal
